{
    "hash": "7d816f2479e6ff64a8300f7b77c82857",
    "packages": [
        {
            "package": "justinrainbow/json-schema",
            "version": "1.1.0"
        },
        {
            "package": "seld/jsonlint",
            "version": "1.0.0"
        },
        {
            "package": "symfony/console",
            "version": "v2.1.0"
        },
        {
            "package": "symfony/process",
            "version": "v2.1.0"
        }
    ],
    "packages-dev": [

    ],
    "aliases": [

    ],
    "minimum-stability": "stable",
    "stability-flags": [

    ]
}
